
Microsoft Visual Studio Solution File, Format Version 12.00
# Visual Studio Version 16
VisualStudioVersion = 16.0.29613.14
MinimumVisualStudioVersion = 10.0.40219.1
Project("{FAE04EC0-301F-11D3-BF4B-00C04F79EFBC}") = "Pyramid", "Pyramid\Pyramid.csproj", "{BC9C9DED-B2B1-425F-A2EB-D4523AB17408}"
EndProject
Global
	GlobalSection(SolutionConfigurationPlatforms) = preSolution
		Debug|Any CPU = Debug|Any CPU
		Release|Any CPU = Release|Any CPU
	EndGlobalSection
	GlobalSection(ProjectConfigurationPlatforms) = postSolution
		{BC9C9DED-B2B1-425F-A2EB-D4523AB17408}.Debug|Any CPU.ActiveCfg = Debug|Any CPU
		{BC9C9DED-B2B1-425F-A2EB-D4523AB17408}.Debug|Any CPU.Build.0 = Debug|Any CPU
		{BC9C9DED-B2B1-425F-A2EB-D4523AB17408}.Release|Any CPU.ActiveCfg = Release|Any CPU
		{BC9C9DED-B2B1-425F-A2EB-D4523AB17408}.Release|Any CPU.Build.0 = Release|Any CPU
	EndGlobalSection
	GlobalSection(SolutionProperties) = preSolution
		HideSolutionNode = FALSE
	EndGlobalSection
	GlobalSection(ExtensibilityGlobals) = postSolution
		SolutionGuid = {C9DA4C0E-0FB3-4C72-874A-F264CB4753D2}
	EndGlobalSection
EndGlobal
